<?xml version="1.0" encoding="utf-8"?>
<Project ToolsVersion="4.0" xmlns="http://schemas.microsoft.com/developer/msbuild/2003">
  <ItemGroup>
    <Filter Include="소스 파일">
      <UniqueIdentifier>{4FC737F1-C7A5-4376-A066-2A32D752A2FF}</UniqueIdentifier>
      <Extensions>cpp;c;cc;cxx;def;odl;idl;hpj;bat;asm;asmx</Extensions>
    </Filter>
    <Filter Include="헤더 파일">
      <UniqueIdentifier>{93995380-89BD-4b04-88EB-625FBE52EBFB}</UniqueIdentifier>
      <Extensions>h;hh;hpp;hxx;hm;inl;inc;ipp;xsd</Extensions>
    </Filter>
    <Filter Include="리소스 파일">
      <UniqueIdentifier>{67DA6AB6-F800-4c08-8B7A-83BB121AAD01}</UniqueIdentifier>
      <Extensions>rc;ico;cur;bmp;dlg;rc2;rct;bin;rgs;gif;jpg;jpeg;jpe;resx;tiff;tif;png;wav;mfcribbon-ms</Extensions>
    </Filter>
    <Filter Include="소스 파일\2019하반기">
      <UniqueIdentifier>{9d6a718e-d82d-42ed-88fe-8427bae0c0e0}</UniqueIdentifier>
    </Filter>
    <Filter Include="소스 파일\2019하반기\스터디">
      <UniqueIdentifier>{e8600e3e-4d98-4301-b89b-670909b50616}</UniqueIdentifier>
    </Filter>
    <Filter Include="소스 파일\2019하반기\나머지연산">
      <UniqueIdentifier>{c0c33bd1-af19-4787-a155-741795f17837}</UniqueIdentifier>
    </Filter>
    <Filter Include="소스 파일\2019하반기\입문용">
      <UniqueIdentifier>{86e6cac3-ed98-4bf3-a4a3-353ee7e805da}</UniqueIdentifier>
    </Filter>
    <Filter Include="소스 파일\2019하반기\문자열처리">
      <UniqueIdentifier>{9a21ca76-4d2d-49db-8fdb-e6a7fd4ef29a}</UniqueIdentifier>
    </Filter>
    <Filter Include="소스 파일\2019하반기\해싱">
      <UniqueIdentifier>{37b03bfa-1df5-420a-ac4e-3fd0668ed49f}</UniqueIdentifier>
    </Filter>
    <Filter Include="소스 파일\2019하반기\while문">
      <UniqueIdentifier>{6be14fe1-4879-4625-8e06-bb130c53bbdf}</UniqueIdentifier>
    </Filter>
    <Filter Include="소스 파일\2019하반기\swea">
      <UniqueIdentifier>{6bea8aa6-febc-4eda-8d67-7ce4a60fefbc}</UniqueIdentifier>
    </Filter>
    <Filter Include="소스 파일\2019하반기\BarkingDog">
      <UniqueIdentifier>{6b25f8e2-0437-463f-a398-9e6254a009a8}</UniqueIdentifier>
    </Filter>
    <Filter Include="소스 파일\2019하반기\BarkingDog\1강">
      <UniqueIdentifier>{a97c81a7-3fa7-4584-b5a6-647b377cbf99}</UniqueIdentifier>
    </Filter>
    <Filter Include="소스 파일\2019하반기\BarkingDog\2강">
      <UniqueIdentifier>{83eaf9bc-e215-4e3d-b2f2-50ada5642829}</UniqueIdentifier>
    </Filter>
    <Filter Include="소스 파일\2019하반기\c++배우기1-50">
      <UniqueIdentifier>{180d21a0-9d80-4ce4-8298-e7915883c0b4}</UniqueIdentifier>
    </Filter>
    <Filter Include="소스 파일\2019하반기\BarkingDog\3강">
      <UniqueIdentifier>{40ad2656-ebd6-4593-a767-510ae1e26d83}</UniqueIdentifier>
    </Filter>
    <Filter Include="소스 파일\2019하반기\기타">
      <UniqueIdentifier>{c36dc7aa-ae64-4ed8-bc17-083658b2f4c0}</UniqueIdentifier>
    </Filter>
    <Filter Include="소스 파일\2019하반기\BarkingDog\4강">
      <UniqueIdentifier>{28d70599-f6e7-4146-b580-1c2b28752131}</UniqueIdentifier>
    </Filter>
    <Filter Include="소스 파일\2019하반기\BarkingDog\5강">
      <UniqueIdentifier>{7e04449f-fa58-4bab-89c6-a4eea09c2e86}</UniqueIdentifier>
    </Filter>
    <Filter Include="소스 파일\2019하반기\C++배우기51-100">
      <UniqueIdentifier>{62e11272-d6a2-426f-bc86-bab94eca53af}</UniqueIdentifier>
    </Filter>
  </ItemGroup>
  <ItemGroup>
    <ClCompile Include="입문용\Doubles.cpp">
      <Filter>소스 파일\2019하반기\입문용</Filter>
    </ClCompile>
    <ClCompile Include="입문용\e계산.cpp">
      <Filter>소스 파일\2019하반기\입문용</Filter>
    </ClCompile>
    <ClCompile Include="입문용\IBM빼기1.cpp">
      <Filter>소스 파일\2019하반기\입문용</Filter>
    </ClCompile>
    <ClCompile Include="입문용\sqrtlogsin.cpp">
      <Filter>소스 파일\2019하반기\입문용</Filter>
    </ClCompile>
    <ClCompile Include="입문용\TheHardestProblemEver.cpp">
      <Filter>소스 파일\2019하반기\입문용</Filter>
    </ClCompile>
    <ClCompile Include="입문용\ToandFro.cpp">
      <Filter>소스 파일\2019하반기\입문용</Filter>
    </ClCompile>
    <ClCompile Include="입문용\교수가된현우.cpp">
      <Filter>소스 파일\2019하반기\입문용</Filter>
    </ClCompile>
    <ClCompile Include="입문용\디지털루트.cpp">
      <Filter>소스 파일\2019하반기\입문용</Filter>
    </ClCompile>
    <ClCompile Include="입문용\싱기한네자리숫자.cpp">
      <Filter>소스 파일\2019하반기\입문용</Filter>
    </ClCompile>
    <ClCompile Include="입문용\완전세제곱.cpp">
      <Filter>소스 파일\2019하반기\입문용</Filter>
    </ClCompile>
    <ClCompile Include="입문용\이진수.cpp">
      <Filter>소스 파일\2019하반기\입문용</Filter>
    </ClCompile>
    <ClCompile Include="입문용\파티가끝나고난뒤.cpp">
      <Filter>소스 파일\2019하반기\입문용</Filter>
    </ClCompile>
    <ClCompile Include="스터디\돌그룹.cpp">
      <Filter>소스 파일\2019하반기\스터디</Filter>
    </ClCompile>
    <ClCompile Include="스터디\두동전.cpp">
      <Filter>소스 파일\2019하반기\스터디</Filter>
    </ClCompile>
    <ClCompile Include="스터디\말이되고픈원숭이.cpp">
      <Filter>소스 파일\2019하반기\스터디</Filter>
    </ClCompile>
    <ClCompile Include="스터디\성곽.cpp">
      <Filter>소스 파일\2019하반기\스터디</Filter>
    </ClCompile>
    <ClCompile Include="스터디\아이스크림.cpp">
      <Filter>소스 파일\2019하반기\스터디</Filter>
    </ClCompile>
    <ClCompile Include="스터디\양.cpp">
      <Filter>소스 파일\2019하반기\스터디</Filter>
    </ClCompile>
    <ClCompile Include="스터디\에너지모으기.cpp">
      <Filter>소스 파일\2019하반기\스터디</Filter>
    </ClCompile>
    <ClCompile Include="스터디\이동하기.cpp">
      <Filter>소스 파일\2019하반기\스터디</Filter>
    </ClCompile>
    <ClCompile Include="스터디\점프.cpp">
      <Filter>소스 파일\2019하반기\스터디</Filter>
    </ClCompile>
    <ClCompile Include="스터디\점프게임.cpp">
      <Filter>소스 파일\2019하반기\스터디</Filter>
    </ClCompile>
    <ClCompile Include="스터디\팰린드롬.cpp">
      <Filter>소스 파일\2019하반기\스터디</Filter>
    </ClCompile>
    <ClCompile Include="스터디\포도주.cpp">
      <Filter>소스 파일\2019하반기\스터디</Filter>
    </ClCompile>
    <ClCompile Include="문자열처리\명령프롬프트.cpp">
      <Filter>소스 파일\2019하반기\문자열처리</Filter>
    </ClCompile>
    <ClCompile Include="문자열처리\방번호.cpp">
      <Filter>소스 파일\2019하반기\문자열처리</Filter>
    </ClCompile>
    <ClCompile Include="문자열처리\팰린드롬인지확인하기.cpp">
      <Filter>소스 파일\2019하반기\문자열처리</Filter>
    </ClCompile>
    <ClCompile Include="나머지연산\사나운개.cpp">
      <Filter>소스 파일\2019하반기\나머지연산</Filter>
    </ClCompile>
    <ClCompile Include="해싱\전화번호목롤.cpp">
      <Filter>소스 파일\2019하반기\해싱</Filter>
    </ClCompile>
    <ClCompile Include="swea\Flatten.cpp">
      <Filter>소스 파일\2019하반기\swea</Filter>
    </ClCompile>
    <ClCompile Include="swea\원재의메모리복구.cpp">
      <Filter>소스 파일\2019하반기\swea</Filter>
    </ClCompile>
    <ClCompile Include="swea\햄버거다이어트.cpp">
      <Filter>소스 파일\2019하반기\swea</Filter>
    </ClCompile>
    <ClCompile Include="while문\A더하기B빼기4.cpp">
      <Filter>소스 파일\2019하반기\while문</Filter>
    </ClCompile>
    <ClCompile Include="BarkingDog\1강\고양이.cpp">
      <Filter>소스 파일\2019하반기\BarkingDog\1강</Filter>
    </ClCompile>
    <ClCompile Include="BarkingDog\1강\대표값2.cpp">
      <Filter>소스 파일\2019하반기\BarkingDog\1강</Filter>
    </ClCompile>
    <ClCompile Include="BarkingDog\1강\세수정렬.cpp">
      <Filter>소스 파일\2019하반기\BarkingDog\1강</Filter>
    </ClCompile>
    <ClCompile Include="BarkingDog\1강\숫자.cpp">
      <Filter>소스 파일\2019하반기\BarkingDog\1강</Filter>
    </ClCompile>
    <ClCompile Include="BarkingDog\1강\윤년.cpp">
      <Filter>소스 파일\2019하반기\BarkingDog\1강</Filter>
    </ClCompile>
    <ClCompile Include="BarkingDog\1강\주사위세개.cpp">
      <Filter>소스 파일\2019하반기\BarkingDog\1강</Filter>
    </ClCompile>
    <ClCompile Include="BarkingDog\1강\최대값.cpp">
      <Filter>소스 파일\2019하반기\BarkingDog\1강</Filter>
    </ClCompile>
    <ClCompile Include="BarkingDog\1강\카드뒤집기.cpp">
      <Filter>소스 파일\2019하반기\BarkingDog\1강</Filter>
    </ClCompile>
    <ClCompile Include="BarkingDog\1강\핸드폰요금.cpp">
      <Filter>소스 파일\2019하반기\BarkingDog\1강</Filter>
    </ClCompile>
    <ClCompile Include="BarkingDog\1강\홀수.cpp">
      <Filter>소스 파일\2019하반기\BarkingDog\1강</Filter>
    </ClCompile>
    <ClCompile Include="BarkingDog\2강\strfry.cpp">
      <Filter>소스 파일\2019하반기\BarkingDog\2강</Filter>
    </ClCompile>
    <ClCompile Include="BarkingDog\2강\개수세기.cpp">
      <Filter>소스 파일\2019하반기\BarkingDog\2강</Filter>
    </ClCompile>
    <ClCompile Include="BarkingDog\2강\방배정.cpp">
      <Filter>소스 파일\2019하반기\BarkingDog\2강</Filter>
    </ClCompile>
    <ClCompile Include="BarkingDog\2강\알파벳개수.cpp">
      <Filter>소스 파일\2019하반기\BarkingDog\2강</Filter>
    </ClCompile>
    <ClCompile Include="BarkingDog\2강\에디터.cpp">
      <Filter>소스 파일\2019하반기\BarkingDog\2강</Filter>
    </ClCompile>
    <ClCompile Include="BarkingDog\2강\조세퍼스문제.cpp">
      <Filter>소스 파일\2019하반기\BarkingDog\2강</Filter>
    </ClCompile>
    <ClCompile Include="C++배우기1-50\소음.cpp">
      <Filter>소스 파일\2019하반기\c++배우기1-50</Filter>
    </ClCompile>
    <ClCompile Include="C++배우기1-50\수들의합.cpp">
      <Filter>소스 파일\2019하반기\c++배우기1-50</Filter>
    </ClCompile>
    <ClCompile Include="C++배우기1-50\크냐.cpp">
      <Filter>소스 파일\2019하반기\c++배우기1-50</Filter>
    </ClCompile>
    <ClCompile Include="C++배우기1-50\화성수학.cpp">
      <Filter>소스 파일\2019하반기\c++배우기1-50</Filter>
    </ClCompile>
    <ClCompile Include="C++배우기1-50\과자.cpp">
      <Filter>소스 파일\2019하반기\c++배우기1-50</Filter>
    </ClCompile>
    <ClCompile Include="C++배우기1-50\네번째점.cpp">
      <Filter>소스 파일\2019하반기\c++배우기1-50</Filter>
    </ClCompile>
    <ClCompile Include="C++배우기1-50\주사위게임.cpp">
      <Filter>소스 파일\2019하반기\c++배우기1-50</Filter>
    </ClCompile>
    <ClCompile Include="C++배우기1-50\학점계산.cpp">
      <Filter>소스 파일\2019하반기\c++배우기1-50</Filter>
    </ClCompile>
    <ClCompile Include="C++배우기1-50\알람시계.cpp">
      <Filter>소스 파일\2019하반기\c++배우기1-50</Filter>
    </ClCompile>
    <ClCompile Include="C++배우기1-50\그릇.cpp">
      <Filter>소스 파일\2019하반기\c++배우기1-50</Filter>
    </ClCompile>
    <ClCompile Include="C++배우기1-50\tgn.cpp">
      <Filter>소스 파일\2019하반기\c++배우기1-50</Filter>
    </ClCompile>
    <ClCompile Include="C++배우기1-50\cute.cpp">
      <Filter>소스 파일\2019하반기\c++배우기1-50</Filter>
    </ClCompile>
    <ClCompile Include="C++배우기1-50\개표.cpp">
      <Filter>소스 파일\2019하반기\c++배우기1-50</Filter>
    </ClCompile>
    <ClCompile Include="C++배우기1-50\배수와약수.cpp">
      <Filter>소스 파일\2019하반기\c++배우기1-50</Filter>
    </ClCompile>
    <ClCompile Include="C++배우기1-50\상근이의친구들.cpp">
      <Filter>소스 파일\2019하반기\c++배우기1-50</Filter>
    </ClCompile>
    <ClCompile Include="C++배우기1-50\사분면.cpp">
      <Filter>소스 파일\2019하반기\c++배우기1-50</Filter>
    </ClCompile>
    <ClCompile Include="BarkingDog\2강\조세퍼스문제2.cpp">
      <Filter>소스 파일\2019하반기\BarkingDog\2강</Filter>
    </ClCompile>
    <ClCompile Include="BarkingDog\3강\데크.cpp">
      <Filter>소스 파일\2019하반기\BarkingDog\3강</Filter>
    </ClCompile>
    <ClCompile Include="BarkingDog\3강\데크_stl.cpp">
      <Filter>소스 파일\2019하반기\BarkingDog\3강</Filter>
    </ClCompile>
    <ClCompile Include="BarkingDog\3강\스택수열.cpp">
      <Filter>소스 파일\2019하반기\BarkingDog\3강</Filter>
    </ClCompile>
    <ClCompile Include="BarkingDog\3강\회전하는큐.cpp">
      <Filter>소스 파일\2019하반기\BarkingDog\3강</Filter>
    </ClCompile>
    <ClCompile Include="BarkingDog\3강\ac.cpp">
      <Filter>소스 파일\2019하반기\BarkingDog\3강</Filter>
    </ClCompile>
    <ClCompile Include="C++배우기1-50\주사위게임2.cpp">
      <Filter>소스 파일\2019하반기\c++배우기1-50</Filter>
    </ClCompile>
    <ClCompile Include="C++배우기1-50\Baseball.cpp">
      <Filter>소스 파일\2019하반기\c++배우기1-50</Filter>
    </ClCompile>
    <ClCompile Include="C++배우기1-50\전자레인지.cpp">
      <Filter>소스 파일\2019하반기\c++배우기1-50</Filter>
    </ClCompile>
    <ClCompile Include="C++배우기1-50\양조장.cpp">
      <Filter>소스 파일\2019하반기\c++배우기1-50</Filter>
    </ClCompile>
    <ClCompile Include="C++배우기1-50\약수들의합.cpp">
      <Filter>소스 파일\2019하반기\c++배우기1-50</Filter>
    </ClCompile>
    <ClCompile Include="기타\배열돌리기4.cpp">
      <Filter>소스 파일\2019하반기\기타</Filter>
    </ClCompile>
    <ClCompile Include="BarkingDog\4강\쇠막대기.cpp">
      <Filter>소스 파일\2019하반기\BarkingDog\4강</Filter>
    </ClCompile>
    <ClCompile Include="BarkingDog\4강\괄호의값.cpp">
      <Filter>소스 파일\2019하반기\BarkingDog\4강</Filter>
    </ClCompile>
    <ClCompile Include="BarkingDog\4강\탑.cpp">
      <Filter>소스 파일\2019하반기\BarkingDog\4강</Filter>
    </ClCompile>
    <ClCompile Include="BarkingDog\5강\그림.cpp">
      <Filter>소스 파일\2019하반기\BarkingDog\5강</Filter>
    </ClCompile>
    <ClCompile Include="BarkingDog\5강\토마토.cpp">
      <Filter>소스 파일\2019하반기\BarkingDog\5강</Filter>
    </ClCompile>
    <ClCompile Include="BarkingDog\5강\영역구하기.cpp">
      <Filter>소스 파일\2019하반기\BarkingDog\5강</Filter>
    </ClCompile>
    <ClCompile Include="BarkingDog\5강\나이트의이동.cpp">
      <Filter>소스 파일\2019하반기\BarkingDog\5강</Filter>
    </ClCompile>
    <ClCompile Include="BarkingDog\5강\적록색약.cpp">
      <Filter>소스 파일\2019하반기\BarkingDog\5강</Filter>
    </ClCompile>
    <ClCompile Include="BarkingDog\5강\안전영역.cpp">
      <Filter>소스 파일\2019하반기\BarkingDog\5강</Filter>
    </ClCompile>
    <ClCompile Include="기타\나무재태크.cpp">
      <Filter>소스 파일\2019하반기\기타</Filter>
    </ClCompile>
    <ClCompile Include="BarkingDog\5강\스타트링크.cpp">
      <Filter>소스 파일\2019하반기\BarkingDog\5강</Filter>
    </ClCompile>
    <ClCompile Include="BarkingDog\5강\스타트링크(최적화).cpp">
      <Filter>소스 파일\2019하반기\BarkingDog\5강</Filter>
    </ClCompile>
    <ClCompile Include="기타\케빈베이컨.cpp">
      <Filter>소스 파일\2019하반기\기타</Filter>
    </ClCompile>
    <ClCompile Include="C++배우기51-100\완전제곱수.cpp">
      <Filter>소스 파일\2019하반기\C++배우기51-100</Filter>
    </ClCompile>
    <ClCompile Include="기타\digitalNumber.cpp">
      <Filter>소스 파일\2019하반기\기타</Filter>
    </ClCompile>
    <ClCompile Include="BarkingDog\5강\다리만들기.cpp">
      <Filter>소스 파일\2019하반기\BarkingDog\5강</Filter>
    </ClCompile>
    <ClCompile Include="기타\swap.cpp">
      <Filter>소스 파일\2019하반기\기타</Filter>
    </ClCompile>
  </ItemGroup>
  <ItemGroup>
    <Text Include="input.txt">
      <Filter>소스 파일</Filter>
    </Text>
  </ItemGroup>
</Project>